
Microsoft Visual Studio Solution File, Format Version 12.00
# Visual Studio Version 16
VisualStudioVersion = 16.0.30011.22
MinimumVisualStudioVersion = 10.0.40219.1
Project("{FAE04EC0-301F-11D3-BF4B-00C04F79EFBC}") = "20203179 이나린_예제2", "20203179 이나린_예제2.csproj", "{8C255F78-9486-4716-8A72-C4DDA931BAE4}"
EndProject
Global
	GlobalSection(SolutionConfigurationPlatforms) = preSolution
		Debug|Any CPU = Debug|Any CPU
		Release|Any CPU = Release|Any CPU
	EndGlobalSection
	GlobalSection(ProjectConfigurationPlatforms) = postSolution
		{8C255F78-9486-4716-8A72-C4DDA931BAE4}.Debug|Any CPU.ActiveCfg = Debug|Any CPU
		{8C255F78-9486-4716-8A72-C4DDA931BAE4}.Debug|Any CPU.Build.0 = Debug|Any CPU
		{8C255F78-9486-4716-8A72-C4DDA931BAE4}.Release|Any CPU.ActiveCfg = Release|Any CPU
		{8C255F78-9486-4716-8A72-C4DDA931BAE4}.Release|Any CPU.Build.0 = Release|Any CPU
	EndGlobalSection
	GlobalSection(SolutionProperties) = preSolution
		HideSolutionNode = FALSE
	EndGlobalSection
	GlobalSection(ExtensibilityGlobals) = postSolution
		SolutionGuid = {46E60E86-8383-4AAA-B7CA-7D5505E93311}
	EndGlobalSection
EndGlobal
