
Microsoft Visual Studio Solution File, Format Version 12.00
# Visual Studio Version 16
VisualStudioVersion = 16.0.30011.22
MinimumVisualStudioVersion = 10.0.40219.1
Project("{FAE04EC0-301F-11D3-BF4B-00C04F79EFBC}") = "20203179 이나린_예제2", "20203179 이나린_예제2.csproj", "{7E4553C2-EF19-4820-915C-6D7F20342BCF}"
EndProject
Global
	GlobalSection(SolutionConfigurationPlatforms) = preSolution
		Debug|Any CPU = Debug|Any CPU
		Release|Any CPU = Release|Any CPU
	EndGlobalSection
	GlobalSection(ProjectConfigurationPlatforms) = postSolution
		{7E4553C2-EF19-4820-915C-6D7F20342BCF}.Debug|Any CPU.ActiveCfg = Debug|Any CPU
		{7E4553C2-EF19-4820-915C-6D7F20342BCF}.Debug|Any CPU.Build.0 = Debug|Any CPU
		{7E4553C2-EF19-4820-915C-6D7F20342BCF}.Release|Any CPU.ActiveCfg = Release|Any CPU
		{7E4553C2-EF19-4820-915C-6D7F20342BCF}.Release|Any CPU.Build.0 = Release|Any CPU
	EndGlobalSection
	GlobalSection(SolutionProperties) = preSolution
		HideSolutionNode = FALSE
	EndGlobalSection
	GlobalSection(ExtensibilityGlobals) = postSolution
		SolutionGuid = {2848FD9B-40E3-4446-9099-B4DC75703AC1}
	EndGlobalSection
EndGlobal
