
Microsoft Visual Studio Solution File, Format Version 12.00
# Visual Studio Version 16
VisualStudioVersion = 16.0.30128.74
MinimumVisualStudioVersion = 10.0.40219.1
Project("{FAE04EC0-301F-11D3-BF4B-00C04F79EFBC}") = "20203179 이나린_예제1", "20203179 이나린_예제1.csproj", "{2C5239F8-4CF9-45A6-8254-88AA9A02A829}"
EndProject
Global
	GlobalSection(SolutionConfigurationPlatforms) = preSolution
		Debug|Any CPU = Debug|Any CPU
		Release|Any CPU = Release|Any CPU
	EndGlobalSection
	GlobalSection(ProjectConfigurationPlatforms) = postSolution
		{2C5239F8-4CF9-45A6-8254-88AA9A02A829}.Debug|Any CPU.ActiveCfg = Debug|Any CPU
		{2C5239F8-4CF9-45A6-8254-88AA9A02A829}.Debug|Any CPU.Build.0 = Debug|Any CPU
		{2C5239F8-4CF9-45A6-8254-88AA9A02A829}.Release|Any CPU.ActiveCfg = Release|Any CPU
		{2C5239F8-4CF9-45A6-8254-88AA9A02A829}.Release|Any CPU.Build.0 = Release|Any CPU
	EndGlobalSection
	GlobalSection(SolutionProperties) = preSolution
		HideSolutionNode = FALSE
	EndGlobalSection
	GlobalSection(ExtensibilityGlobals) = postSolution
		SolutionGuid = {236F1581-E58A-4311-B1A4-BF91006D910A}
	EndGlobalSection
EndGlobal
