
Microsoft Visual Studio Solution File, Format Version 12.00
# Visual Studio Version 16
VisualStudioVersion = 16.0.30011.22
MinimumVisualStudioVersion = 10.0.40219.1
Project("{FAE04EC0-301F-11D3-BF4B-00C04F79EFBC}") = "20203179 이나린_예제2", "20203179 이나린_예제2.csproj", "{9F8FEFFC-4CC8-4D51-8C4E-330F5D091E6A}"
EndProject
Global
	GlobalSection(SolutionConfigurationPlatforms) = preSolution
		Debug|Any CPU = Debug|Any CPU
		Release|Any CPU = Release|Any CPU
	EndGlobalSection
	GlobalSection(ProjectConfigurationPlatforms) = postSolution
		{9F8FEFFC-4CC8-4D51-8C4E-330F5D091E6A}.Debug|Any CPU.ActiveCfg = Debug|Any CPU
		{9F8FEFFC-4CC8-4D51-8C4E-330F5D091E6A}.Debug|Any CPU.Build.0 = Debug|Any CPU
		{9F8FEFFC-4CC8-4D51-8C4E-330F5D091E6A}.Release|Any CPU.ActiveCfg = Release|Any CPU
		{9F8FEFFC-4CC8-4D51-8C4E-330F5D091E6A}.Release|Any CPU.Build.0 = Release|Any CPU
	EndGlobalSection
	GlobalSection(SolutionProperties) = preSolution
		HideSolutionNode = FALSE
	EndGlobalSection
	GlobalSection(ExtensibilityGlobals) = postSolution
		SolutionGuid = {52B29162-D0C7-4AB6-A09E-286F42AD2F55}
	EndGlobalSection
EndGlobal
