
Microsoft Visual Studio Solution File, Format Version 12.00
# Visual Studio Version 16
VisualStudioVersion = 16.0.30011.22
MinimumVisualStudioVersion = 10.0.40219.1
Project("{FAE04EC0-301F-11D3-BF4B-00C04F79EFBC}") = "20203179 이나린_예제1", "20203179 이나린_예제1.csproj", "{89436D27-EF34-4E28-95DD-BFF1EF374E68}"
EndProject
Global
	GlobalSection(SolutionConfigurationPlatforms) = preSolution
		Debug|Any CPU = Debug|Any CPU
		Release|Any CPU = Release|Any CPU
	EndGlobalSection
	GlobalSection(ProjectConfigurationPlatforms) = postSolution
		{89436D27-EF34-4E28-95DD-BFF1EF374E68}.Debug|Any CPU.ActiveCfg = Debug|Any CPU
		{89436D27-EF34-4E28-95DD-BFF1EF374E68}.Debug|Any CPU.Build.0 = Debug|Any CPU
		{89436D27-EF34-4E28-95DD-BFF1EF374E68}.Release|Any CPU.ActiveCfg = Release|Any CPU
		{89436D27-EF34-4E28-95DD-BFF1EF374E68}.Release|Any CPU.Build.0 = Release|Any CPU
	EndGlobalSection
	GlobalSection(SolutionProperties) = preSolution
		HideSolutionNode = FALSE
	EndGlobalSection
	GlobalSection(ExtensibilityGlobals) = postSolution
		SolutionGuid = {62C523FA-4161-4293-AE70-D2EB35C96003}
	EndGlobalSection
EndGlobal
